
Microsoft Visual Studio Solution File, Format Version 12.00
# Visual Studio 2013
VisualStudioVersion = 12.0.30501.0
MinimumVisualStudioVersion = 10.0.40219.1
Project("{FAE04EC0-301F-11D3-BF4B-00C04F79EFBC}") = "Tweet", "Tweet\Tweet.csproj", "{5507124B-1AFC-4D8F-A3CD-DFC273239A52}"
EndProject
Project("{FAE04EC0-301F-11D3-BF4B-00C04F79EFBC}") = "Tweet.WebService", "Tweet.WebService\Tweet.WebService.csproj", "{A2E9C35B-6B7E-47E3-A46B-7D744DBD676D}"
EndProject
Global
	GlobalSection(SolutionConfigurationPlatforms) = preSolution
		Debug|Any CPU = Debug|Any CPU
		Release|Any CPU = Release|Any CPU
	EndGlobalSection
	GlobalSection(ProjectConfigurationPlatforms) = postSolution
		{5507124B-1AFC-4D8F-A3CD-DFC273239A52}.Debug|Any CPU.ActiveCfg = Debug|Any CPU
		{5507124B-1AFC-4D8F-A3CD-DFC273239A52}.Debug|Any CPU.Build.0 = Debug|Any CPU
		{5507124B-1AFC-4D8F-A3CD-DFC273239A52}.Release|Any CPU.ActiveCfg = Release|Any CPU
		{5507124B-1AFC-4D8F-A3CD-DFC273239A52}.Release|Any CPU.Build.0 = Release|Any CPU
		{A2E9C35B-6B7E-47E3-A46B-7D744DBD676D}.Debug|Any CPU.ActiveCfg = Debug|Any CPU
		{A2E9C35B-6B7E-47E3-A46B-7D744DBD676D}.Debug|Any CPU.Build.0 = Debug|Any CPU
		{A2E9C35B-6B7E-47E3-A46B-7D744DBD676D}.Release|Any CPU.ActiveCfg = Release|Any CPU
		{A2E9C35B-6B7E-47E3-A46B-7D744DBD676D}.Release|Any CPU.Build.0 = Release|Any CPU
	EndGlobalSection
	GlobalSection(SolutionProperties) = preSolution
		HideSolutionNode = FALSE
	EndGlobalSection
EndGlobal
